// !$*UTF8*$!
{
	archiveVersion = 1;
	classes = {
	};
	objectVersion = 50;
	objects = {

/* Begin PBXBuildFile section */
		20CA68AB222F074600D4B48B /* AppDelegate.swift in Sources */ = {isa = PBXBuildFile; fileRef = 20CA68AA222F074600D4B48B /* AppDelegate.swift */; };
		20CA68B0222F074600D4B48B /* Main.storyboard in Resources */ = {isa = PBXBuildFile; fileRef = 20CA68AE222F074600D4B48B /* Main.storyboard */; };
		20CA68B2222F074900D4B48B /* Assets.xcassets in Resources */ = {isa = PBXBuildFile; fileRef = 20CA68B1222F074900D4B48B /* Assets.xcassets */; };
		20CA68B5222F074900D4B48B /* LaunchScreen.storyboard in Resources */ = {isa = PBXBuildFile; fileRef = 20CA68B3222F074900D4B48B /* LaunchScreen.storyboard */; };
		20CA68BD222F077500D4B48B /* NetworkClass.swift in Sources */ = {isa = PBXBuildFile; fileRef = 20CA68BC222F077500D4B48B /* NetworkClass.swift */; };
		20CA68C2222F07B400D4B48B /* Profile.swift in Sources */ = {isa = PBXBuildFile; fileRef = 20CA68C1222F07B400D4B48B /* Profile.swift */; };
		20CA68C4222F07EE00D4B48B /* MainTableViewController.swift in Sources */ = {isa = PBXBuildFile; fileRef = 20CA68C3222F07EE00D4B48B /* MainTableViewController.swift */; };
		20CA68C7222F08AD00D4B48B /* profiles.json in Resources */ = {isa = PBXBuildFile; fileRef = 20CA68C6222F08AD00D4B48B /* profiles.json */; };
/* End PBXBuildFile section */

/* Begin PBXFileReference section */
		20CA68A7222F074600D4B48B /* TableViewTest.app */ = {isa = PBXFileReference; explicitFileType = wrapper.application; includeInIndex = 0; path = TableViewTest.app; sourceTree = BUILT_PRODUCTS_DIR; };
		20CA68AA222F074600D4B48B /* AppDelegate.swift */ = {isa = PBXFileReference; lastKnownFileType = sourcecode.swift; path = AppDelegate.swift; sourceTree = "<group>"; };
		20CA68AF222F074600D4B48B /* Base */ = {isa = PBXFileReference; lastKnownFileType = file.storyboard; name = Base; path = Base.lproj/Main.storyboard; sourceTree = "<group>"; };
		20CA68B1222F074900D4B48B /* Assets.xcassets */ = {isa = PBXFileReference; lastKnownFileType = folder.assetcatalog; path = Assets.xcassets; sourceTree = "<group>"; };
		20CA68B4222F074900D4B48B /* Base */ = {isa = PBXFileReference; lastKnownFileType = file.storyboard; name = Base; path = Base.lproj/LaunchScreen.storyboard; sourceTree = "<group>"; };
		20CA68B6222F074900D4B48B /* Info.plist */ = {isa = PBXFileReference; lastKnownFileType = text.plist.xml; path = Info.plist; sourceTree = "<group>"; };
		20CA68BC222F077500D4B48B /* NetworkClass.swift */ = {isa = PBXFileReference; lastKnownFileType = sourcecode.swift; path = NetworkClass.swift; sourceTree = "<group>"; };
		20CA68C1222F07B400D4B48B /* Profile.swift */ = {isa = PBXFileReference; lastKnownFileType = sourcecode.swift; path = Profile.swift; sourceTree = "<group>"; };
		20CA68C3222F07EE00D4B48B /* MainTableViewController.swift */ = {isa = PBXFileReference; lastKnownFileType = sourcecode.swift; path = MainTableViewController.swift; sourceTree = "<group>"; };
		20CA68C6222F08AD00D4B48B /* profiles.json */ = {isa = PBXFileReference; fileEncoding = 4; lastKnownFileType = text.json; path = profiles.json; sourceTree = "<group>"; };
/* End PBXFileReference section */

/* Begin PBXFrameworksBuildPhase section */
		20CA68A4222F074600D4B48B /* Frameworks */ = {
			isa = PBXFrameworksBuildPhase;
			buildActionMask = 2147483647;
			files = (
			);
			runOnlyForDeploymentPostprocessing = 0;
		};
/* End PBXFrameworksBuildPhase section */

/* Begin PBXGroup section */
		20CA689E222F074600D4B48B = {
			isa = PBXGroup;
			children = (
				20CA68A9222F074600D4B48B /* TableViewTest */,
				20CA68A8222F074600D4B48B /* Products */,
			);
			sourceTree = "<group>";
		};
		20CA68A8222F074600D4B48B /* Products */ = {
			isa = PBXGroup;
			children = (
				20CA68A7222F074600D4B48B /* TableViewTest.app */,
			);
			name = Products;
			sourceTree = "<group>";
		};
		20CA68A9222F074600D4B48B /* TableViewTest */ = {
			isa = PBXGroup;
			children = (
				20CA68AA222F074600D4B48B /* AppDelegate.swift */,
				20CA68C0222F07A600D4B48B /* Model */,
				20CA68BF222F079C00D4B48B /* ViewController */,
				20CA68BE222F078F00D4B48B /* Service */,
				20CA68AE222F074600D4B48B /* Main.storyboard */,
				20CA68B1222F074900D4B48B /* Assets.xcassets */,
				20CA68B3222F074900D4B48B /* LaunchScreen.storyboard */,
				20CA68B6222F074900D4B48B /* Info.plist */,
				20CA68C5222F083300D4B48B /* HelpData */,
			);
			path = TableViewTest;
			sourceTree = "<group>";
		};
		20CA68BE222F078F00D4B48B /* Service */ = {
			isa = PBXGroup;
			children = (
				20CA68BC222F077500D4B48B /* NetworkClass.swift */,
			);
			path = Service;
			sourceTree = "<group>";
		};
		20CA68BF222F079C00D4B48B /* ViewController */ = {
			isa = PBXGroup;
			children = (
				20CA68C3222F07EE00D4B48B /* MainTableViewController.swift */,
			);
			name = ViewController;
			sourceTree = "<group>";
		};
		20CA68C0222F07A600D4B48B /* Model */ = {
			isa = PBXGroup;
			children = (
				20CA68C1222F07B400D4B48B /* Profile.swift */,
			);
			name = Model;
			sourceTree = "<group>";
		};
		20CA68C5222F083300D4B48B /* HelpData */ = {
			isa = PBXGroup;
			children = (
				20CA68C6222F08AD00D4B48B /* profiles.json */,
			);
			name = HelpData;
			sourceTree = "<group>";
		};
/* End PBXGroup section */

/* Begin PBXNativeTarget section */
		20CA68A6222F074600D4B48B /* TableViewTest */ = {
			isa = PBXNativeTarget;
			buildConfigurationList = 20CA68B9222F074900D4B48B /* Build configuration list for PBXNativeTarget "TableViewTest" */;
			buildPhases = (
				20CA68A3222F074600D4B48B /* Sources */,
				20CA68A4222F074600D4B48B /* Frameworks */,
				20CA68A5222F074600D4B48B /* Resources */,
			);
			buildRules = (
			);
			dependencies = (
			);
			name = TableViewTest;
			productName = TableViewTest;
			productReference = 20CA68A7222F074600D4B48B /* TableViewTest.app */;
			productType = "com.apple.product-type.application";
		};
/* End PBXNativeTarget section */

/* Begin PBXProject section */
		20CA689F222F074600D4B48B /* Project object */ = {
			isa = PBXProject;
			attributes = {
				LastSwiftUpdateCheck = 1010;
				LastUpgradeCheck = 1010;
				ORGANIZATIONNAME = Home;
				TargetAttributes = {
					20CA68A6222F074600D4B48B = {
						CreatedOnToolsVersion = 10.1;
					};
				};
			};
			buildConfigurationList = 20CA68A2222F074600D4B48B /* Build configuration list for PBXProject "TableViewTest" */;
			compatibilityVersion = "Xcode 9.3";
			developmentRegion = en;
			hasScannedForEncodings = 0;
			knownRegions = (
				en,
				Base,
			);
			mainGroup = 20CA689E222F074600D4B48B;
			productRefGroup = 20CA68A8222F074600D4B48B /* Products */;
			projectDirPath = "";
			projectRoot = "";
			targets = (
				20CA68A6222F074600D4B48B /* TableViewTest */,
			);
		};
/* End PBXProject section */

/* Begin PBXResourcesBuildPhase section */
		20CA68A5222F074600D4B48B /* Resources */ = {
			isa = PBXResourcesBuildPhase;
			buildActionMask = 2147483647;
			files = (
				20CA68B5222F074900D4B48B /* LaunchScreen.storyboard in Resources */,
				20CA68C7222F08AD00D4B48B /* profiles.json in Resources */,
				20CA68B2222F074900D4B48B /* Assets.xcassets in Resources */,
				20CA68B0222F074600D4B48B /* Main.storyboard in Resources */,
			);
			runOnlyForDeploymentPostprocessing = 0;
		};
/* End PBXResourcesBuildPhase section */

/* Begin PBXSourcesBuildPhase section */
		20CA68A3222F074600D4B48B /* Sources */ = {
			isa = PBXSourcesBuildPhase;
			buildActionMask = 2147483647;
			files = (
				20CA68C4222F07EE00D4B48B /* MainTableViewController.swift in Sources */,
				20CA68AB222F074600D4B48B /* AppDelegate.swift in Sources */,
				20CA68C2222F07B400D4B48B /* Profile.swift in Sources */,
				20CA68BD222F077500D4B48B /* NetworkClass.swift in Sources */,
			);
			runOnlyForDeploymentPostprocessing = 0;
		};
/* End PBXSourcesBuildPhase section */

/* Begin PBXVariantGroup section */
		20CA68AE222F074600D4B48B /* Main.storyboard */ = {
			isa = PBXVariantGroup;
			children = (
				20CA68AF222F074600D4B48B /* Base */,
			);
			name = Main.storyboard;
			sourceTree = "<group>";
		};
		20CA68B3222F074900D4B48B /* LaunchScreen.storyboard */ = {
			isa = PBXVariantGroup;
			children = (
				20CA68B4222F074900D4B48B /* Base */,
			);
			name = LaunchScreen.storyboard;
			sourceTree = "<group>";
		};
/* End PBXVariantGroup section */

/* Begin XCBuildConfiguration section */
		20CA68B7222F074900D4B48B /* Debug */ = {
			isa = XCBuildConfiguration;
			buildSettings = {
				ALWAYS_SEARCH_USER_PATHS = NO;
				CLANG_ANALYZER_NONNULL = YES;
				CLANG_ANALYZER_NUMBER_OBJECT_CONVERSION = YES_AGGRESSIVE;
				CLANG_CXX_LANGUAGE_STANDARD = "gnu++14";
				CLANG_CXX_LIBRARY = "libc++";
				CLANG_ENABLE_MODULES = YES;
				CLANG_ENABLE_OBJC_ARC = YES;
				CLANG_ENABLE_OBJC_WEAK = YES;
				CLANG_WARN_BLOCK_CAPTURE_AUTORELEASING = YES;
				CLANG_WARN_BOOL_CONVERSION = YES;
				CLANG_WARN_COMMA = YES;
				CLANG_WARN_CONSTANT_CONVERSION = YES;
				CLANG_WARN_DEPRECATED_OBJC_IMPLEMENTATIONS = YES;
				CLANG_WARN_DIRECT_OBJC_ISA_USAGE = YES_ERROR;
				CLANG_WARN_DOCUMENTATION_COMMENTS = YES;
				CLANG_WARN_EMPTY_BODY = YES;
				CLANG_WARN_ENUM_CONVERSION = YES;
				CLANG_WARN_INFINITE_RECURSION = YES;
				CLANG_WARN_INT_CONVERSION = YES;
				CLANG_WARN_NON_LITERAL_NULL_CONVERSION = YES;
				CLANG_WARN_OBJC_IMPLICIT_RETAIN_SELF = YES;
				CLANG_WARN_OBJC_LITERAL_CONVERSION = YES;
				CLANG_WARN_OBJC_ROOT_CLASS = YES_ERROR;
				CLANG_WARN_RANGE_LOOP_ANALYSIS = YES;
				CLANG_WARN_STRICT_PROTOTYPES = YES;
				CLANG_WARN_SUSPICIOUS_MOVE = YES;
				CLANG_WARN_UNGUARDED_AVAILABILITY = YES_AGGRESSIVE;
				CLANG_WARN_UNREACHABLE_CODE = YES;
				CLANG_WARN__DUPLICATE_METHOD_MATCH = YES;
				CODE_SIGN_IDENTITY = "iPhone Developer";
				COPY_PHASE_STRIP = NO;
				DEBUG_INFORMATION_FORMAT = dwarf;
				ENABLE_STRICT_OBJC_MSGSEND = YES;
				ENABLE_TESTABILITY = YES;
				GCC_C_LANGUAGE_STANDARD = gnu11;
				GCC_DYNAMIC_NO_PIC = NO;
				GCC_NO_COMMON_BLOCKS = YES;
				GCC_OPTIMIZATION_LEVEL = 0;
				GCC_PREPROCESSOR_DEFINITIONS = (
					"DEBUG=1",
					"$(inherited)",
				);
				GCC_WARN_64_TO_32_BIT_CONVERSION = YES;
				GCC_WARN_ABOUT_RETURN_TYPE = YES_ERROR;
				GCC_WARN_UNDECLARED_SELECTOR = YES;
				GCC_WARN_UNINITIALIZED_AUTOS = YES_AGGRESSIVE;
				GCC_WARN_UNUSED_FUNCTION = YES;
				GCC_WARN_UNUSED_VARIABLE = YES;
				IPHONEOS_DEPLOYMENT_TARGET = 12.1;
				MTL_ENABLE_DEBUG_INFO = INCLUDE_SOURCE;
				MTL_FAST_MATH = YES;
				ONLY_ACTIVE_ARCH = YES;
				SDKROOT = iphoneos;
				SWIFT_ACTIVE_COMPILATION_CONDITIONS = DEBUG;
				SWIFT_OPTIMIZATION_LEVEL = "-Onone";
			};
			name = Debug;
		};
		20CA68B8222F074900D4B48B /* Release */ = {
			isa = XCBuildConfiguration;
			buildSettings = {
				ALWAYS_SEARCH_USER_PATHS = NO;
				CLANG_ANALYZER_NONNULL = YES;
				CLANG_ANALYZER_NUMBER_OBJECT_CONVERSION = YES_AGGRESSIVE;
				CLANG_CXX_LANGUAGE_STANDARD = "gnu++14";
				CLANG_CXX_LIBRARY = "libc++";
				CLANG_ENABLE_MODULES = YES;
				CLANG_ENABLE_OBJC_ARC = YES;
				CLANG_ENABLE_OBJC_WEAK = YES;
				CLANG_WARN_BLOCK_CAPTURE_AUTORELEASING = YES;
				CLANG_WARN_BOOL_CONVERSION = YES;
				CLANG_WARN_COMMA = YES;
				CLANG_WARN_CONSTANT_CONVERSION = YES;
				CLANG_WARN_DEPRECATED_OBJC_IMPLEMENTATIONS = YES;
				CLANG_WARN_DIRECT_OBJC_ISA_USAGE = YES_ERROR;
				CLANG_WARN_DOCUMENTATION_COMMENTS = YES;
				CLANG_WARN_EMPTY_BODY = YES;
				CLANG_WARN_ENUM_CONVERSION = YES;
				CLANG_WARN_INFINITE_RECURSION = YES;
				CLANG_WARN_INT_CONVERSION = YES;
				CLANG_WARN_NON_LITERAL_NULL_CONVERSION = YES;
				CLANG_WARN_OBJC_IMPLICIT_RETAIN_SELF = YES;
				CLANG_WARN_OBJC_LITERAL_CONVERSION = YES;
				CLANG_WARN_OBJC_ROOT_CLASS = YES_ERROR;
				CLANG_WARN_RANGE_LOOP_ANALYSIS = YES;
				CLANG_WARN_STRICT_PROTOTYPES = YES;
				CLANG_WARN_SUSPICIOUS_MOVE = YES;
				CLANG_WARN_UNGUARDED_AVAILABILITY = YES_AGGRESSIVE;
				CLANG_WARN_UNREACHABLE_CODE = YES;
				CLANG_WARN__DUPLICATE_METHOD_MATCH = YES;
				CODE_SIGN_IDENTITY = "iPhone Developer";
				COPY_PHASE_STRIP = NO;
				DEBUG_INFORMATION_FORMAT = "dwarf-with-dsym";
				ENABLE_NS_ASSERTIONS = NO;
				ENABLE_STRICT_OBJC_MSGSEND = YES;
				GCC_C_LANGUAGE_STANDARD = gnu11;
				GCC_NO_COMMON_BLOCKS = YES;
				GCC_WARN_64_TO_32_BIT_CONVERSION = YES;
				GCC_WARN_ABOUT_RETURN_TYPE = YES_ERROR;
				GCC_WARN_UNDECLARED_SELECTOR = YES;
				GCC_WARN_UNINITIALIZED_AUTOS = YES_AGGRESSIVE;
				GCC_WARN_UNUSED_FUNCTION = YES;
				GCC_WARN_UNUSED_VARIABLE = YES;
				IPHONEOS_DEPLOYMENT_TARGET = 12.1;
				MTL_ENABLE_DEBUG_INFO = NO;
				MTL_FAST_MATH = YES;
				SDKROOT = iphoneos;
				SWIFT_COMPILATION_MODE = wholemodule;
				SWIFT_OPTIMIZATION_LEVEL = "-O";
				VALIDATE_PRODUCT = YES;
			};
			name = Release;
		};
		20CA68BA222F074900D4B48B /* Debug */ = {
			isa = XCBuildConfiguration;
			buildSettings = {
				ASSETCATALOG_COMPILER_APPICON_NAME = AppIcon;
				CODE_SIGN_STYLE = Automatic;
				DEVELOPMENT_TEAM = PWAP3RP7Q9;
				INFOPLIST_FILE = TableViewTest/Info.plist;
				LD_RUNPATH_SEARCH_PATHS = (
					"$(inherited)",
					"@executable_path/Frameworks",
				);
				PRODUCT_BUNDLE_IDENTIFIER = rs.home.TableViewTest;
				PRODUCT_NAME = "$(TARGET_NAME)";
				SWIFT_VERSION = 4.2;
				TARGETED_DEVICE_FAMILY = "1,2";
			};
			name = Debug;
		};
		20CA68BB222F074900D4B48B /* Release */ = {
			isa = XCBuildConfiguration;
			buildSettings = {
				ASSETCATALOG_COMPILER_APPICON_NAME = AppIcon;
				CODE_SIGN_STYLE = Automatic;
				DEVELOPMENT_TEAM = PWAP3RP7Q9;
				INFOPLIST_FILE = TableViewTest/Info.plist;
				LD_RUNPATH_SEARCH_PATHS = (
					"$(inherited)",
					"@executable_path/Frameworks",
				);
				PRODUCT_BUNDLE_IDENTIFIER = rs.home.TableViewTest;
				PRODUCT_NAME = "$(TARGET_NAME)";
				SWIFT_VERSION = 4.2;
				TARGETED_DEVICE_FAMILY = "1,2";
			};
			name = Release;
		};
/* End XCBuildConfiguration section */

/* Begin XCConfigurationList section */
		20CA68A2222F074600D4B48B /* Build configuration list for PBXProject "TableViewTest" */ = {
			isa = XCConfigurationList;
			buildConfigurations = (
				20CA68B7222F074900D4B48B /* Debug */,
				20CA68B8222F074900D4B48B /* Release */,
			);
			defaultConfigurationIsVisible = 0;
			defaultConfigurationName = Release;
		};
		20CA68B9222F074900D4B48B /* Build configuration list for PBXNativeTarget "TableViewTest" */ = {
			isa = XCConfigurationList;
			buildConfigurations = (
				20CA68BA222F074900D4B48B /* Debug */,
				20CA68BB222F074900D4B48B /* Release */,
			);
			defaultConfigurationIsVisible = 0;
			defaultConfigurationName = Release;
		};
/* End XCConfigurationList section */
	};
	rootObject = 20CA689F222F074600D4B48B /* Project object */;
}
